// !$*UTF8*$!
{
	archiveVersion = 1;
	classes = {
	};
	objectVersion = 77;
	objects = {

/* Begin PBXBuildFile section */
		096F988D7DFE4E96B70410E1 /* MenuBarMenuView.swift in Sources */ = {isa = PBXBuildFile; fileRef = 25D96B77EDA6173193D5BA2B /* MenuBarMenuView.swift */; };
		0E48073DFDA55D4BEEADB068 /* AccountColorPicker.swift in Sources */ = {isa = PBXBuildFile; fileRef = CABCBAF6C7E91AD486DB5072 /* AccountColorPicker.swift */; };
		0EA54F78CC8C04E7E0B709D5 /* SheetKit.swift in Sources */ = {isa = PBXBuildFile; fileRef = 94B2FEE0CC9520A2C1BAE4BA /* SheetKit.swift */; };
		21659535C85B29C923F36757 /* BubbleMark.swift in Sources */ = {isa = PBXBuildFile; fileRef = 2285FC1CD4519962DC37CA97 /* BubbleMark.swift */; };
		21A40AF9757A1C22F21EB340 /* AccountAvatar.swift in Sources */ = {isa = PBXBuildFile; fileRef = A18C64CB345320749530B98C /* AccountAvatar.swift */; };
		23C027AFF76008B4CB93956A /* AboutSettingsView.swift in Sources */ = {isa = PBXBuildFile; fileRef = DF4A57756B638FCCB51EA8B4 /* AboutSettingsView.swift */; };
		25AF001A002374A3E9196B2C /* AppIcon-light-flat.icns in Resources */ = {isa = PBXBuildFile; fileRef = 667FBFF9B004034B8D6A61A6 /* AppIcon-light-flat.icns */; };
		2811CCABC12D2666AF5F17DE /* SidebarMaterial.swift in Sources */ = {isa = PBXBuildFile; fileRef = 3E4FC14215C17C876E649753 /* SidebarMaterial.swift */; };
		281F2636683A5AFE93AEB0FB /* DockIcon.swift in Sources */ = {isa = PBXBuildFile; fileRef = 05F49F899158334B7B28A597 /* DockIcon.swift */; };
		2F70244E5649C45A6BC507FC /* NotificationService.swift in Sources */ = {isa = PBXBuildFile; fileRef = F864AE3E398BF1EE75B4C8AD /* NotificationService.swift */; };
		2FF01334012B0072C075A87C /* UpdateChecker.swift in Sources */ = {isa = PBXBuildFile; fileRef = 802F10C0860C8F855F6AB822 /* UpdateChecker.swift */; };
		317A235DB0362B2D7F568272 /* ManagedApp.swift in Sources */ = {isa = PBXBuildFile; fileRef = AEFB751656938F8CED5DB241 /* ManagedApp.swift */; };
		3642F780CA8CAB5BC54EE66D /* AppDetailView.swift in Sources */ = {isa = PBXBuildFile; fileRef = 05DEDE0F58F4242E6342F78F /* AppDetailView.swift */; };
		3E1C00CBE03D796C65C9111D /* InstalledApps.swift in Sources */ = {isa = PBXBuildFile; fileRef = BDDC54EAEA95C8021FFFB9F8 /* InstalledApps.swift */; };
		3F55E29F5B4829D2E35DFD22 /* SidebarBottomBar.swift in Sources */ = {isa = PBXBuildFile; fileRef = CBBAF004712C73C790BCA1C4 /* SidebarBottomBar.swift */; };
		42F3161B6C5042F0AD603B0E /* AccountIcon.swift in Sources */ = {isa = PBXBuildFile; fileRef = 62048241210426CB09FE058E /* AccountIcon.swift */; };
		43662A8563185AC7391CBCCB /* Updater.swift in Sources */ = {isa = PBXBuildFile; fileRef = D836CE62A23BC74B3038CE09 /* Updater.swift */; };
		451E81E3EAD900BDAC87D07F /* Typography.swift in Sources */ = {isa = PBXBuildFile; fileRef = C7DB5F01715D59A9C9DD90C6 /* Typography.swift */; };
		474D57E91617EF8773F18424 /* AccountRow.swift in Sources */ = {isa = PBXBuildFile; fileRef = EDA52B5C6195E1DBE875325B /* AccountRow.swift */; };
		4C45E4701B53546924D15956 /* IconAccent.swift in Sources */ = {isa = PBXBuildFile; fileRef = DD890DF3DEBDD9193D4CB225 /* IconAccent.swift */; };
		56CD656B2A5D2018A20D0348 /* UpdateBanner.swift in Sources */ = {isa = PBXBuildFile; fileRef = 6A233EF71501F6DB42BEAE19 /* UpdateBanner.swift */; };
		64E40A1E9642777E6B05F85B /* AppChooser.swift in Sources */ = {isa = PBXBuildFile; fileRef = 73380AD71B8BC92020A4E4F6 /* AppChooser.swift */; };
		66D6C78D13D10946351F4655 /* AppInstance.swift in Sources */ = {isa = PBXBuildFile; fileRef = 435C22C64AB594B21D0A2A93 /* AppInstance.swift */; };
		6FD561026427BBACED195D26 /* AppLibrary.swift in Sources */ = {isa = PBXBuildFile; fileRef = C276686BE1DBB00973054F9C /* AppLibrary.swift */; };
		72311BB88058F9B201A7FFA9 /* DockAccentPicker.swift in Sources */ = {isa = PBXBuildFile; fileRef = E96502F9B7E63FAAFAD61604 /* DockAccentPicker.swift */; };
		738219D2E2116767398363FE /* AppTheme.swift in Sources */ = {isa = PBXBuildFile; fileRef = 67DE699110C48CF400F70840 /* AppTheme.swift */; };
		73DA574E5A1E5FEC25ED0ED6 /* DataCopier.swift in Sources */ = {isa = PBXBuildFile; fileRef = D40DF8D9EB09762F0BEE11A9 /* DataCopier.swift */; };
		79ACFF2693C67070DBCF966A /* SettingsKit.swift in Sources */ = {isa = PBXBuildFile; fileRef = 9BF38F3B190734360CE0A7B7 /* SettingsKit.swift */; };
		7C8E9464D322F77F2D8059E3 /* DetailCards.swift in Sources */ = {isa = PBXBuildFile; fileRef = 0DA263DC75B6F19A69E8DB2A /* DetailCards.swift */; };
		82A97954C6E441DCB6895008 /* AppKnowledgeBase.swift in Sources */ = {isa = PBXBuildFile; fileRef = 0F262A1E8ED7F1EB1ECEEEA7 /* AppKnowledgeBase.swift */; };
		83D52B40CE8DEEB87BF6FD0E /* LaunchAtLogin.swift in Sources */ = {isa = PBXBuildFile; fileRef = D16A492456FA5FD2FC7C5F75 /* LaunchAtLogin.swift */; };
		89BFD8DFC031700326E02436 /* Localization.swift in Sources */ = {isa = PBXBuildFile; fileRef = CF196557E6C262667244D515 /* Localization.swift */; };
		8D13E3231B878FECB247EC6B /* AccountTileCache.swift in Sources */ = {isa = PBXBuildFile; fileRef = 09BD518CE0F6193E71291B58 /* AccountTileCache.swift */; };
		9921FFBA2D04A2A4662E078E /* ProcessMonitor.swift in Sources */ = {isa = PBXBuildFile; fileRef = 19A34A759C778A4B977E4F11 /* ProcessMonitor.swift */; };
		A4A2176AC1795CC5EDE95C17 /* InterfaceDensity.swift in Sources */ = {isa = PBXBuildFile; fileRef = E77D12C233ACE9F160D1FD4D /* InterfaceDensity.swift */; };
		A55DA93D17FD848EC3CB92B2 /* LaunchEngine.swift in Sources */ = {isa = PBXBuildFile; fileRef = 5E42A65B0B1B35CBCD3ED7DD /* LaunchEngine.swift */; };
		A5DCE8272C0A80EEB9612AB4 /* LibraryView.swift in Sources */ = {isa = PBXBuildFile; fileRef = 226081B1751F1BE7B0B6A0F6 /* LibraryView.swift */; };
		A6A02C0AA038B230A19FE489 /* AddAppView.swift in Sources */ = {isa = PBXBuildFile; fileRef = 87462A9E5093E51C45B0F476 /* AddAppView.swift */; };
		A894F640D335CAA73A8C1C13 /* Profile.swift in Sources */ = {isa = PBXBuildFile; fileRef = E07DDF06750E61FC3E24D580 /* Profile.swift */; };
		AAE92AE99593825B8FC883FC /* Metrics.swift in Sources */ = {isa = PBXBuildFile; fileRef = 1E39C0193503C6D49FABB557 /* Metrics.swift */; };
		B3E4131092EBEE25FF976385 /* LibrarySidebar.swift in Sources */ = {isa = PBXBuildFile; fileRef = 9A3087649A36AB7B72B77975 /* LibrarySidebar.swift */; };
		B88A1D27734F56A0CF243630 /* ShadowHome.swift in Sources */ = {isa = PBXBuildFile; fileRef = C3945C08C12BB4C2AB396883 /* ShadowHome.swift */; };
		B8B56166BB161BF4AC7AD6D9 /* AccountEditorView.swift in Sources */ = {isa = PBXBuildFile; fileRef = B2559FCE07AA55948155EC5C /* AccountEditorView.swift */; };
		B9F7A6A60F001C4AD1D7C23B /* DockPins.swift in Sources */ = {isa = PBXBuildFile; fileRef = 24EE04ADF3D6FDEC794A71F0 /* DockPins.swift */; };
		BAE6021AAC0C6A8C13F5A95E /* OverviewView.swift in Sources */ = {isa = PBXBuildFile; fileRef = 1432F07214F9C5669430C92A /* OverviewView.swift */; };
		BB0A27FF579C0F7DC1D4EE62 /* AppIcon-dark-glass.icns in Resources */ = {isa = PBXBuildFile; fileRef = 1B6D4E744BB5456539CFFA27 /* AppIcon-dark-glass.icns */; };
		BCB986322D3B3EF415FCFBFB /* AppLanguage.swift in Sources */ = {isa = PBXBuildFile; fileRef = 9731963773FAEB883ED95FD3 /* AppLanguage.swift */; };
		BE4386CE5B11E4BEA5ED0998 /* AppIcon-dark-flat.icns in Resources */ = {isa = PBXBuildFile; fileRef = 79EF28519CEA5BD2A5782060 /* AppIcon-dark-flat.icns */; };
		BFDAC68BEBDEC6240A85A131 /* BulkCreateView.swift in Sources */ = {isa = PBXBuildFile; fileRef = DC71EC751B01158C318C223C /* BulkCreateView.swift */; };
		C21B74E57483C1D48AFFD495 /* Localizable.xcstrings in Resources */ = {isa = PBXBuildFile; fileRef = 52B4928A9D65D07D55BF519F /* Localizable.xcstrings */; };
		C9E871AB68ABE8F12EF51D05 /* DiskUsage.swift in Sources */ = {isa = PBXBuildFile; fileRef = 19F4584FAF26AFA4989FD658 /* DiskUsage.swift */; };
		CF1F21D15E47FFC5475AB8DE /* SystemSettings.swift in Sources */ = {isa = PBXBuildFile; fileRef = B80ED456F7B0D1A0D3DE1622 /* SystemSettings.swift */; };
		D023FCF5BA6402E504CDC532 /* AccountPreset.swift in Sources */ = {isa = PBXBuildFile; fileRef = BBB9424A3A220DDBD0A8CE4A /* AccountPreset.swift */; };
		D4610A0482FF17D6288D165B /* LibraryUIState.swift in Sources */ = {isa = PBXBuildFile; fileRef = 58FAC9DFF19D54B7D668CAD4 /* LibraryUIState.swift */; };
		DFC714C960EB79C96435931F /* LibraryCommands.swift in Sources */ = {isa = PBXBuildFile; fileRef = 9EE20AB49CFA5EC544D86468 /* LibraryCommands.swift */; };
		E4967471ACBE044BFC95128D /* IconFactory.swift in Sources */ = {isa = PBXBuildFile; fileRef = D070B713D58C6220FBA3EF39 /* IconFactory.swift */; };
		E5754F52033D8922E5580AC6 /* LibraryInspector.swift in Sources */ = {isa = PBXBuildFile; fileRef = 8EF1F28C9D9462AC74B642E3 /* LibraryInspector.swift */; };
		E77B0697B5AB30A47DB13222 /* DoubleBubbleApp.swift in Sources */ = {isa = PBXBuildFile; fileRef = 2C279861E33425F382DDF615 /* DoubleBubbleApp.swift */; };
		E92695B1CB1D884BF8411721 /* AppLibrary+Accounts.swift in Sources */ = {isa = PBXBuildFile; fileRef = 09EF2BC3ECA4D76039D38842 /* AppLibrary+Accounts.swift */; };
		E95A9791D3C54B12D59C04A2 /* Assets.xcassets in Resources */ = {isa = PBXBuildFile; fileRef = B25327752194A2A8D93A7AA2 /* Assets.xcassets */; };
		EA3664E94F19620BF5CD1674 /* AppIcon-light-glass.icns in Resources */ = {isa = PBXBuildFile; fileRef = F6C5F8F629B253FBB7659180 /* AppIcon-light-glass.icns */; };
		EFE4BEC764BE65B1DCD0599E /* AllAccountsView.swift in Sources */ = {isa = PBXBuildFile; fileRef = C1E00003D450A267274CFEDD /* AllAccountsView.swift */; };
		F2D1722087703F0E6ACCC668 /* TaskCenter.swift in Sources */ = {isa = PBXBuildFile; fileRef = 3F5656DC6D2C681ED3D09618 /* TaskCenter.swift */; };
		F32B8158535053C31A486D38 /* AccountTile.swift in Sources */ = {isa = PBXBuildFile; fileRef = 2E815F6036BB58CFD2D7ABD4 /* AccountTile.swift */; };
/* End PBXBuildFile section */

/* Begin PBXFileReference section */
		05DEDE0F58F4242E6342F78F /* AppDetailView.swift */ = {isa = PBXFileReference; lastKnownFileType = sourcecode.swift; path = AppDetailView.swift; sourceTree = "<group>"; };
		05F49F899158334B7B28A597 /* DockIcon.swift */ = {isa = PBXFileReference; lastKnownFileType = sourcecode.swift; path = DockIcon.swift; sourceTree = "<group>"; };
		09BD518CE0F6193E71291B58 /* AccountTileCache.swift */ = {isa = PBXFileReference; lastKnownFileType = sourcecode.swift; path = AccountTileCache.swift; sourceTree = "<group>"; };
		09EF2BC3ECA4D76039D38842 /* AppLibrary+Accounts.swift */ = {isa = PBXFileReference; lastKnownFileType = sourcecode.swift; path = "AppLibrary+Accounts.swift"; sourceTree = "<group>"; };
		0DA263DC75B6F19A69E8DB2A /* DetailCards.swift */ = {isa = PBXFileReference; lastKnownFileType = sourcecode.swift; path = DetailCards.swift; sourceTree = "<group>"; };
		0F262A1E8ED7F1EB1ECEEEA7 /* AppKnowledgeBase.swift */ = {isa = PBXFileReference; lastKnownFileType = sourcecode.swift; path = AppKnowledgeBase.swift; sourceTree = "<group>"; };
		1432F07214F9C5669430C92A /* OverviewView.swift */ = {isa = PBXFileReference; lastKnownFileType = sourcecode.swift; path = OverviewView.swift; sourceTree = "<group>"; };
		19A34A759C778A4B977E4F11 /* ProcessMonitor.swift */ = {isa = PBXFileReference; lastKnownFileType = sourcecode.swift; path = ProcessMonitor.swift; sourceTree = "<group>"; };
		19F4584FAF26AFA4989FD658 /* DiskUsage.swift */ = {isa = PBXFileReference; lastKnownFileType = sourcecode.swift; path = DiskUsage.swift; sourceTree = "<group>"; };
		1B6D4E744BB5456539CFFA27 /* AppIcon-dark-glass.icns */ = {isa = PBXFileReference; lastKnownFileType = image.icns; path = "AppIcon-dark-glass.icns"; sourceTree = "<group>"; };
		1E39C0193503C6D49FABB557 /* Metrics.swift */ = {isa = PBXFileReference; lastKnownFileType = sourcecode.swift; path = Metrics.swift; sourceTree = "<group>"; };
		226081B1751F1BE7B0B6A0F6 /* LibraryView.swift */ = {isa = PBXFileReference; lastKnownFileType = sourcecode.swift; path = LibraryView.swift; sourceTree = "<group>"; };
		2285FC1CD4519962DC37CA97 /* BubbleMark.swift */ = {isa = PBXFileReference; lastKnownFileType = sourcecode.swift; path = BubbleMark.swift; sourceTree = "<group>"; };
		24EE04ADF3D6FDEC794A71F0 /* DockPins.swift */ = {isa = PBXFileReference; lastKnownFileType = sourcecode.swift; path = DockPins.swift; sourceTree = "<group>"; };
		25D96B77EDA6173193D5BA2B /* MenuBarMenuView.swift */ = {isa = PBXFileReference; lastKnownFileType = sourcecode.swift; path = MenuBarMenuView.swift; sourceTree = "<group>"; };
		2C279861E33425F382DDF615 /* DoubleBubbleApp.swift */ = {isa = PBXFileReference; lastKnownFileType = sourcecode.swift; path = DoubleBubbleApp.swift; sourceTree = "<group>"; };
		2E815F6036BB58CFD2D7ABD4 /* AccountTile.swift */ = {isa = PBXFileReference; lastKnownFileType = sourcecode.swift; path = AccountTile.swift; sourceTree = "<group>"; };
		3E4FC14215C17C876E649753 /* SidebarMaterial.swift */ = {isa = PBXFileReference; lastKnownFileType = sourcecode.swift; path = SidebarMaterial.swift; sourceTree = "<group>"; };
		3F5656DC6D2C681ED3D09618 /* TaskCenter.swift */ = {isa = PBXFileReference; lastKnownFileType = sourcecode.swift; path = TaskCenter.swift; sourceTree = "<group>"; };
		435C22C64AB594B21D0A2A93 /* AppInstance.swift */ = {isa = PBXFileReference; lastKnownFileType = sourcecode.swift; path = AppInstance.swift; sourceTree = "<group>"; };
		52B4928A9D65D07D55BF519F /* Localizable.xcstrings */ = {isa = PBXFileReference; lastKnownFileType = text.json.xcstrings; path = Localizable.xcstrings; sourceTree = "<group>"; };
		58FAC9DFF19D54B7D668CAD4 /* LibraryUIState.swift */ = {isa = PBXFileReference; lastKnownFileType = sourcecode.swift; path = LibraryUIState.swift; sourceTree = "<group>"; };
		5E42A65B0B1B35CBCD3ED7DD /* LaunchEngine.swift */ = {isa = PBXFileReference; lastKnownFileType = sourcecode.swift; path = LaunchEngine.swift; sourceTree = "<group>"; };
		62048241210426CB09FE058E /* AccountIcon.swift */ = {isa = PBXFileReference; lastKnownFileType = sourcecode.swift; path = AccountIcon.swift; sourceTree = "<group>"; };
		66096C39D03543C29F7CDC9F /* DoubleBubble.app */ = {isa = PBXFileReference; explicitFileType = wrapper.application; includeInIndex = 0; path = DoubleBubble.app; sourceTree = BUILT_PRODUCTS_DIR; };
		667FBFF9B004034B8D6A61A6 /* AppIcon-light-flat.icns */ = {isa = PBXFileReference; lastKnownFileType = image.icns; path = "AppIcon-light-flat.icns"; sourceTree = "<group>"; };
		67DE699110C48CF400F70840 /* AppTheme.swift */ = {isa = PBXFileReference; lastKnownFileType = sourcecode.swift; path = AppTheme.swift; sourceTree = "<group>"; };
		69D23A9E62E97BEFEA81DC00 /* Info.plist */ = {isa = PBXFileReference; lastKnownFileType = text.plist; path = Info.plist; sourceTree = "<group>"; };
		6A233EF71501F6DB42BEAE19 /* UpdateBanner.swift */ = {isa = PBXFileReference; lastKnownFileType = sourcecode.swift; path = UpdateBanner.swift; sourceTree = "<group>"; };
		73380AD71B8BC92020A4E4F6 /* AppChooser.swift */ = {isa = PBXFileReference; lastKnownFileType = sourcecode.swift; path = AppChooser.swift; sourceTree = "<group>"; };
		79EF28519CEA5BD2A5782060 /* AppIcon-dark-flat.icns */ = {isa = PBXFileReference; lastKnownFileType = image.icns; path = "AppIcon-dark-flat.icns"; sourceTree = "<group>"; };
		802F10C0860C8F855F6AB822 /* UpdateChecker.swift */ = {isa = PBXFileReference; lastKnownFileType = sourcecode.swift; path = UpdateChecker.swift; sourceTree = "<group>"; };
		87462A9E5093E51C45B0F476 /* AddAppView.swift */ = {isa = PBXFileReference; lastKnownFileType = sourcecode.swift; path = AddAppView.swift; sourceTree = "<group>"; };
		8EF1F28C9D9462AC74B642E3 /* LibraryInspector.swift */ = {isa = PBXFileReference; lastKnownFileType = sourcecode.swift; path = LibraryInspector.swift; sourceTree = "<group>"; };
		94B2FEE0CC9520A2C1BAE4BA /* SheetKit.swift */ = {isa = PBXFileReference; lastKnownFileType = sourcecode.swift; path = SheetKit.swift; sourceTree = "<group>"; };
		9731963773FAEB883ED95FD3 /* AppLanguage.swift */ = {isa = PBXFileReference; lastKnownFileType = sourcecode.swift; path = AppLanguage.swift; sourceTree = "<group>"; };
		9A3087649A36AB7B72B77975 /* LibrarySidebar.swift */ = {isa = PBXFileReference; lastKnownFileType = sourcecode.swift; path = LibrarySidebar.swift; sourceTree = "<group>"; };
		9BF38F3B190734360CE0A7B7 /* SettingsKit.swift */ = {isa = PBXFileReference; lastKnownFileType = sourcecode.swift; path = SettingsKit.swift; sourceTree = "<group>"; };
		9EE20AB49CFA5EC544D86468 /* LibraryCommands.swift */ = {isa = PBXFileReference; lastKnownFileType = sourcecode.swift; path = LibraryCommands.swift; sourceTree = "<group>"; };
		A18C64CB345320749530B98C /* AccountAvatar.swift */ = {isa = PBXFileReference; lastKnownFileType = sourcecode.swift; path = AccountAvatar.swift; sourceTree = "<group>"; };
		AEFB751656938F8CED5DB241 /* ManagedApp.swift */ = {isa = PBXFileReference; lastKnownFileType = sourcecode.swift; path = ManagedApp.swift; sourceTree = "<group>"; };
		B25327752194A2A8D93A7AA2 /* Assets.xcassets */ = {isa = PBXFileReference; lastKnownFileType = folder.assetcatalog; path = Assets.xcassets; sourceTree = "<group>"; };
		B2559FCE07AA55948155EC5C /* AccountEditorView.swift */ = {isa = PBXFileReference; lastKnownFileType = sourcecode.swift; path = AccountEditorView.swift; sourceTree = "<group>"; };
		B80ED456F7B0D1A0D3DE1622 /* SystemSettings.swift */ = {isa = PBXFileReference; lastKnownFileType = sourcecode.swift; path = SystemSettings.swift; sourceTree = "<group>"; };
		BBB9424A3A220DDBD0A8CE4A /* AccountPreset.swift */ = {isa = PBXFileReference; lastKnownFileType = sourcecode.swift; path = AccountPreset.swift; sourceTree = "<group>"; };
		BDDC54EAEA95C8021FFFB9F8 /* InstalledApps.swift */ = {isa = PBXFileReference; lastKnownFileType = sourcecode.swift; path = InstalledApps.swift; sourceTree = "<group>"; };
		C1E00003D450A267274CFEDD /* AllAccountsView.swift */ = {isa = PBXFileReference; lastKnownFileType = sourcecode.swift; path = AllAccountsView.swift; sourceTree = "<group>"; };
		C276686BE1DBB00973054F9C /* AppLibrary.swift */ = {isa = PBXFileReference; lastKnownFileType = sourcecode.swift; path = AppLibrary.swift; sourceTree = "<group>"; };
		C3945C08C12BB4C2AB396883 /* ShadowHome.swift */ = {isa = PBXFileReference; lastKnownFileType = sourcecode.swift; path = ShadowHome.swift; sourceTree = "<group>"; };
		C7DB5F01715D59A9C9DD90C6 /* Typography.swift */ = {isa = PBXFileReference; lastKnownFileType = sourcecode.swift; path = Typography.swift; sourceTree = "<group>"; };
		CABCBAF6C7E91AD486DB5072 /* AccountColorPicker.swift */ = {isa = PBXFileReference; lastKnownFileType = sourcecode.swift; path = AccountColorPicker.swift; sourceTree = "<group>"; };
		CBBAF004712C73C790BCA1C4 /* SidebarBottomBar.swift */ = {isa = PBXFileReference; lastKnownFileType = sourcecode.swift; path = SidebarBottomBar.swift; sourceTree = "<group>"; };
		CF196557E6C262667244D515 /* Localization.swift */ = {isa = PBXFileReference; lastKnownFileType = sourcecode.swift; path = Localization.swift; sourceTree = "<group>"; };
		D070B713D58C6220FBA3EF39 /* IconFactory.swift */ = {isa = PBXFileReference; lastKnownFileType = sourcecode.swift; path = IconFactory.swift; sourceTree = "<group>"; };
		D16A492456FA5FD2FC7C5F75 /* LaunchAtLogin.swift */ = {isa = PBXFileReference; lastKnownFileType = sourcecode.swift; path = LaunchAtLogin.swift; sourceTree = "<group>"; };
		D40DF8D9EB09762F0BEE11A9 /* DataCopier.swift */ = {isa = PBXFileReference; lastKnownFileType = sourcecode.swift; path = DataCopier.swift; sourceTree = "<group>"; };
		D836CE62A23BC74B3038CE09 /* Updater.swift */ = {isa = PBXFileReference; lastKnownFileType = sourcecode.swift; path = Updater.swift; sourceTree = "<group>"; };
		DC71EC751B01158C318C223C /* BulkCreateView.swift */ = {isa = PBXFileReference; lastKnownFileType = sourcecode.swift; path = BulkCreateView.swift; sourceTree = "<group>"; };
		DD890DF3DEBDD9193D4CB225 /* IconAccent.swift */ = {isa = PBXFileReference; lastKnownFileType = sourcecode.swift; path = IconAccent.swift; sourceTree = "<group>"; };
		DF4A57756B638FCCB51EA8B4 /* AboutSettingsView.swift */ = {isa = PBXFileReference; lastKnownFileType = sourcecode.swift; path = AboutSettingsView.swift; sourceTree = "<group>"; };
		E07DDF06750E61FC3E24D580 /* Profile.swift */ = {isa = PBXFileReference; lastKnownFileType = sourcecode.swift; path = Profile.swift; sourceTree = "<group>"; };
		E77D12C233ACE9F160D1FD4D /* InterfaceDensity.swift */ = {isa = PBXFileReference; lastKnownFileType = sourcecode.swift; path = InterfaceDensity.swift; sourceTree = "<group>"; };
		E82870DCE97B6A662D06A642 /* DoubleBubble.entitlements */ = {isa = PBXFileReference; lastKnownFileType = text.plist.entitlements; path = DoubleBubble.entitlements; sourceTree = "<group>"; };
		E96502F9B7E63FAAFAD61604 /* DockAccentPicker.swift */ = {isa = PBXFileReference; lastKnownFileType = sourcecode.swift; path = DockAccentPicker.swift; sourceTree = "<group>"; };
		EDA52B5C6195E1DBE875325B /* AccountRow.swift */ = {isa = PBXFileReference; lastKnownFileType = sourcecode.swift; path = AccountRow.swift; sourceTree = "<group>"; };
		F6C5F8F629B253FBB7659180 /* AppIcon-light-glass.icns */ = {isa = PBXFileReference; lastKnownFileType = image.icns; path = "AppIcon-light-glass.icns"; sourceTree = "<group>"; };
		F864AE3E398BF1EE75B4C8AD /* NotificationService.swift */ = {isa = PBXFileReference; lastKnownFileType = sourcecode.swift; path = NotificationService.swift; sourceTree = "<group>"; };
/* End PBXFileReference section */

/* Begin PBXGroup section */
		2A11E3AE89471984B02D0FD2 /* Components */ = {
			isa = PBXGroup;
			children = (
				A18C64CB345320749530B98C /* AccountAvatar.swift */,
				CABCBAF6C7E91AD486DB5072 /* AccountColorPicker.swift */,
				2285FC1CD4519962DC37CA97 /* BubbleMark.swift */,
				E96502F9B7E63FAAFAD61604 /* DockAccentPicker.swift */,
				1E39C0193503C6D49FABB557 /* Metrics.swift */,
				9BF38F3B190734360CE0A7B7 /* SettingsKit.swift */,
				3E4FC14215C17C876E649753 /* SidebarMaterial.swift */,
				C7DB5F01715D59A9C9DD90C6 /* Typography.swift */,
				6A233EF71501F6DB42BEAE19 /* UpdateBanner.swift */,
			);
			path = Components;
			sourceTree = "<group>";
		};
		34C9EDC6B23A4CF7D498827D /* Products */ = {
			isa = PBXGroup;
			children = (
				66096C39D03543C29F7CDC9F /* DoubleBubble.app */,
			);
			name = Products;
			sourceTree = "<group>";
		};
		3C6641F5386D866BC16F9651 /* Services */ = {
			isa = PBXGroup;
			children = (
				62048241210426CB09FE058E /* AccountIcon.swift */,
				09BD518CE0F6193E71291B58 /* AccountTileCache.swift */,
				73380AD71B8BC92020A4E4F6 /* AppChooser.swift */,
				0F262A1E8ED7F1EB1ECEEEA7 /* AppKnowledgeBase.swift */,
				9731963773FAEB883ED95FD3 /* AppLanguage.swift */,
				67DE699110C48CF400F70840 /* AppTheme.swift */,
				D40DF8D9EB09762F0BEE11A9 /* DataCopier.swift */,
				19F4584FAF26AFA4989FD658 /* DiskUsage.swift */,
				05F49F899158334B7B28A597 /* DockIcon.swift */,
				24EE04ADF3D6FDEC794A71F0 /* DockPins.swift */,
				D070B713D58C6220FBA3EF39 /* IconFactory.swift */,
				BDDC54EAEA95C8021FFFB9F8 /* InstalledApps.swift */,
				E77D12C233ACE9F160D1FD4D /* InterfaceDensity.swift */,
				D16A492456FA5FD2FC7C5F75 /* LaunchAtLogin.swift */,
				5E42A65B0B1B35CBCD3ED7DD /* LaunchEngine.swift */,
				CF196557E6C262667244D515 /* Localization.swift */,
				F864AE3E398BF1EE75B4C8AD /* NotificationService.swift */,
				19A34A759C778A4B977E4F11 /* ProcessMonitor.swift */,
				C3945C08C12BB4C2AB396883 /* ShadowHome.swift */,
				B80ED456F7B0D1A0D3DE1622 /* SystemSettings.swift */,
				3F5656DC6D2C681ED3D09618 /* TaskCenter.swift */,
				802F10C0860C8F855F6AB822 /* UpdateChecker.swift */,
				D836CE62A23BC74B3038CE09 /* Updater.swift */,
			);
			path = Services;
			sourceTree = "<group>";
		};
		443BE6FE6F278CB299F56167 /* Resources */ = {
			isa = PBXGroup;
			children = (
				79EF28519CEA5BD2A5782060 /* AppIcon-dark-flat.icns */,
				1B6D4E744BB5456539CFFA27 /* AppIcon-dark-glass.icns */,
				667FBFF9B004034B8D6A61A6 /* AppIcon-light-flat.icns */,
				F6C5F8F629B253FBB7659180 /* AppIcon-light-glass.icns */,
			);
			path = Resources;
			sourceTree = "<group>";
		};
		46795705A936F8AAF19F244B = {
			isa = PBXGroup;
			children = (
				9A225BA7A492DA7110B61A90 /* DoubleBubble */,
				34C9EDC6B23A4CF7D498827D /* Products */,
			);
			sourceTree = "<group>";
		};
		66AD5BE972761900C219A6D9 /* Inspector */ = {
			isa = PBXGroup;
			children = (
				8EF1F28C9D9462AC74B642E3 /* LibraryInspector.swift */,
			);
			path = Inspector;
			sourceTree = "<group>";
		};
		6867123E76976E5397AACCF2 /* Sheets */ = {
			isa = PBXGroup;
			children = (
				B2559FCE07AA55948155EC5C /* AccountEditorView.swift */,
				87462A9E5093E51C45B0F476 /* AddAppView.swift */,
				DC71EC751B01158C318C223C /* BulkCreateView.swift */,
				94B2FEE0CC9520A2C1BAE4BA /* SheetKit.swift */,
			);
			path = Sheets;
			sourceTree = "<group>";
		};
		6CC3B3D2551182DD214318C9 /* Detail */ = {
			isa = PBXGroup;
			children = (
				EDA52B5C6195E1DBE875325B /* AccountRow.swift */,
				2E815F6036BB58CFD2D7ABD4 /* AccountTile.swift */,
				C1E00003D450A267274CFEDD /* AllAccountsView.swift */,
				05DEDE0F58F4242E6342F78F /* AppDetailView.swift */,
				0DA263DC75B6F19A69E8DB2A /* DetailCards.swift */,
				1432F07214F9C5669430C92A /* OverviewView.swift */,
			);
			path = Detail;
			sourceTree = "<group>";
		};
		72A650DECD6789F506AFD7D5 /* Views */ = {
			isa = PBXGroup;
			children = (
				DF4A57756B638FCCB51EA8B4 /* AboutSettingsView.swift */,
				58FAC9DFF19D54B7D668CAD4 /* LibraryUIState.swift */,
				226081B1751F1BE7B0B6A0F6 /* LibraryView.swift */,
				2A11E3AE89471984B02D0FD2 /* Components */,
				6CC3B3D2551182DD214318C9 /* Detail */,
				66AD5BE972761900C219A6D9 /* Inspector */,
				A190BC1643AEE8BFFE3D7691 /* Menus */,
				6867123E76976E5397AACCF2 /* Sheets */,
				A21322746BFA59313F4E957D /* Sidebar */,
			);
			path = Views;
			sourceTree = "<group>";
		};
		9A225BA7A492DA7110B61A90 /* DoubleBubble */ = {
			isa = PBXGroup;
			children = (
				B25327752194A2A8D93A7AA2 /* Assets.xcassets */,
				E82870DCE97B6A662D06A642 /* DoubleBubble.entitlements */,
				2C279861E33425F382DDF615 /* DoubleBubbleApp.swift */,
				69D23A9E62E97BEFEA81DC00 /* Info.plist */,
				52B4928A9D65D07D55BF519F /* Localizable.xcstrings */,
				C1EF8E2A99B38CF67822FAF5 /* Models */,
				443BE6FE6F278CB299F56167 /* Resources */,
				3C6641F5386D866BC16F9651 /* Services */,
				72A650DECD6789F506AFD7D5 /* Views */,
			);
			path = DoubleBubble;
			sourceTree = "<group>";
		};
		A190BC1643AEE8BFFE3D7691 /* Menus */ = {
			isa = PBXGroup;
			children = (
				9EE20AB49CFA5EC544D86468 /* LibraryCommands.swift */,
				25D96B77EDA6173193D5BA2B /* MenuBarMenuView.swift */,
			);
			path = Menus;
			sourceTree = "<group>";
		};
		A21322746BFA59313F4E957D /* Sidebar */ = {
			isa = PBXGroup;
			children = (
				9A3087649A36AB7B72B77975 /* LibrarySidebar.swift */,
				CBBAF004712C73C790BCA1C4 /* SidebarBottomBar.swift */,
			);
			path = Sidebar;
			sourceTree = "<group>";
		};
		C1EF8E2A99B38CF67822FAF5 /* Models */ = {
			isa = PBXGroup;
			children = (
				BBB9424A3A220DDBD0A8CE4A /* AccountPreset.swift */,
				435C22C64AB594B21D0A2A93 /* AppInstance.swift */,
				C276686BE1DBB00973054F9C /* AppLibrary.swift */,
				09EF2BC3ECA4D76039D38842 /* AppLibrary+Accounts.swift */,
				DD890DF3DEBDD9193D4CB225 /* IconAccent.swift */,
				AEFB751656938F8CED5DB241 /* ManagedApp.swift */,
				E07DDF06750E61FC3E24D580 /* Profile.swift */,
			);
			path = Models;
			sourceTree = "<group>";
		};
/* End PBXGroup section */

/* Begin PBXNativeTarget section */
		930A444A50166D05BE980565 /* DoubleBubble */ = {
			isa = PBXNativeTarget;
			buildConfigurationList = DDAACC375BB036155FB98FA9 /* Build configuration list for PBXNativeTarget "DoubleBubble" */;
			buildPhases = (
				0A17584CFA17F292FF342C1B /* Sources */,
				B0387083CDAE546BC454941A /* Resources */,
			);
			buildRules = (
			);
			dependencies = (
			);
			name = DoubleBubble;
			packageProductDependencies = (
			);
			productName = DoubleBubble;
			productReference = 66096C39D03543C29F7CDC9F /* DoubleBubble.app */;
			productType = "com.apple.product-type.application";
		};
/* End PBXNativeTarget section */

/* Begin PBXProject section */
		94FC26A26B63EE66E4B9DFD0 /* Project object */ = {
			isa = PBXProject;
			attributes = {
				BuildIndependentTargetsInParallel = YES;
				LastUpgradeCheck = 1600;
				TargetAttributes = {
					930A444A50166D05BE980565 = {
						DevelopmentTeam = "";
						ProvisioningStyle = Automatic;
					};
				};
			};
			buildConfigurationList = D920B44042EB030F208BBAA9 /* Build configuration list for PBXProject "DoubleBubble" */;
			developmentRegion = en;
			hasScannedForEncodings = 0;
			knownRegions = (
				Base,
				en,
				ru,
			);
			mainGroup = 46795705A936F8AAF19F244B;
			minimizedProjectReferenceProxies = 1;
			preferredProjectObjectVersion = 77;
			productRefGroup = 34C9EDC6B23A4CF7D498827D /* Products */;
			projectDirPath = "";
			projectRoot = "";
			targets = (
				930A444A50166D05BE980565 /* DoubleBubble */,
			);
		};
/* End PBXProject section */

/* Begin PBXResourcesBuildPhase section */
		B0387083CDAE546BC454941A /* Resources */ = {
			isa = PBXResourcesBuildPhase;
			buildActionMask = 2147483647;
			files = (
				BE4386CE5B11E4BEA5ED0998 /* AppIcon-dark-flat.icns in Resources */,
				BB0A27FF579C0F7DC1D4EE62 /* AppIcon-dark-glass.icns in Resources */,
				25AF001A002374A3E9196B2C /* AppIcon-light-flat.icns in Resources */,
				EA3664E94F19620BF5CD1674 /* AppIcon-light-glass.icns in Resources */,
				E95A9791D3C54B12D59C04A2 /* Assets.xcassets in Resources */,
				C21B74E57483C1D48AFFD495 /* Localizable.xcstrings in Resources */,
			);
			runOnlyForDeploymentPostprocessing = 0;
		};
/* End PBXResourcesBuildPhase section */

/* Begin PBXSourcesBuildPhase section */
		0A17584CFA17F292FF342C1B /* Sources */ = {
			isa = PBXSourcesBuildPhase;
			buildActionMask = 2147483647;
			files = (
				23C027AFF76008B4CB93956A /* AboutSettingsView.swift in Sources */,
				21A40AF9757A1C22F21EB340 /* AccountAvatar.swift in Sources */,
				0E48073DFDA55D4BEEADB068 /* AccountColorPicker.swift in Sources */,
				B8B56166BB161BF4AC7AD6D9 /* AccountEditorView.swift in Sources */,
				42F3161B6C5042F0AD603B0E /* AccountIcon.swift in Sources */,
				D023FCF5BA6402E504CDC532 /* AccountPreset.swift in Sources */,
				474D57E91617EF8773F18424 /* AccountRow.swift in Sources */,
				F32B8158535053C31A486D38 /* AccountTile.swift in Sources */,
				8D13E3231B878FECB247EC6B /* AccountTileCache.swift in Sources */,
				A6A02C0AA038B230A19FE489 /* AddAppView.swift in Sources */,
				EFE4BEC764BE65B1DCD0599E /* AllAccountsView.swift in Sources */,
				64E40A1E9642777E6B05F85B /* AppChooser.swift in Sources */,
				3642F780CA8CAB5BC54EE66D /* AppDetailView.swift in Sources */,
				66D6C78D13D10946351F4655 /* AppInstance.swift in Sources */,
				82A97954C6E441DCB6895008 /* AppKnowledgeBase.swift in Sources */,
				BCB986322D3B3EF415FCFBFB /* AppLanguage.swift in Sources */,
				E92695B1CB1D884BF8411721 /* AppLibrary+Accounts.swift in Sources */,
				6FD561026427BBACED195D26 /* AppLibrary.swift in Sources */,
				738219D2E2116767398363FE /* AppTheme.swift in Sources */,
				21659535C85B29C923F36757 /* BubbleMark.swift in Sources */,
				BFDAC68BEBDEC6240A85A131 /* BulkCreateView.swift in Sources */,
				73DA574E5A1E5FEC25ED0ED6 /* DataCopier.swift in Sources */,
				7C8E9464D322F77F2D8059E3 /* DetailCards.swift in Sources */,
				C9E871AB68ABE8F12EF51D05 /* DiskUsage.swift in Sources */,
				72311BB88058F9B201A7FFA9 /* DockAccentPicker.swift in Sources */,
				281F2636683A5AFE93AEB0FB /* DockIcon.swift in Sources */,
				B9F7A6A60F001C4AD1D7C23B /* DockPins.swift in Sources */,
				E77B0697B5AB30A47DB13222 /* DoubleBubbleApp.swift in Sources */,
				4C45E4701B53546924D15956 /* IconAccent.swift in Sources */,
				E4967471ACBE044BFC95128D /* IconFactory.swift in Sources */,
				3E1C00CBE03D796C65C9111D /* InstalledApps.swift in Sources */,
				A4A2176AC1795CC5EDE95C17 /* InterfaceDensity.swift in Sources */,
				83D52B40CE8DEEB87BF6FD0E /* LaunchAtLogin.swift in Sources */,
				A55DA93D17FD848EC3CB92B2 /* LaunchEngine.swift in Sources */,
				DFC714C960EB79C96435931F /* LibraryCommands.swift in Sources */,
				E5754F52033D8922E5580AC6 /* LibraryInspector.swift in Sources */,
				B3E4131092EBEE25FF976385 /* LibrarySidebar.swift in Sources */,
				D4610A0482FF17D6288D165B /* LibraryUIState.swift in Sources */,
				A5DCE8272C0A80EEB9612AB4 /* LibraryView.swift in Sources */,
				89BFD8DFC031700326E02436 /* Localization.swift in Sources */,
				317A235DB0362B2D7F568272 /* ManagedApp.swift in Sources */,
				096F988D7DFE4E96B70410E1 /* MenuBarMenuView.swift in Sources */,
				AAE92AE99593825B8FC883FC /* Metrics.swift in Sources */,
				2F70244E5649C45A6BC507FC /* NotificationService.swift in Sources */,
				BAE6021AAC0C6A8C13F5A95E /* OverviewView.swift in Sources */,
				9921FFBA2D04A2A4662E078E /* ProcessMonitor.swift in Sources */,
				A894F640D335CAA73A8C1C13 /* Profile.swift in Sources */,
				79ACFF2693C67070DBCF966A /* SettingsKit.swift in Sources */,
				B88A1D27734F56A0CF243630 /* ShadowHome.swift in Sources */,
				0EA54F78CC8C04E7E0B709D5 /* SheetKit.swift in Sources */,
				3F55E29F5B4829D2E35DFD22 /* SidebarBottomBar.swift in Sources */,
				2811CCABC12D2666AF5F17DE /* SidebarMaterial.swift in Sources */,
				CF1F21D15E47FFC5475AB8DE /* SystemSettings.swift in Sources */,
				F2D1722087703F0E6ACCC668 /* TaskCenter.swift in Sources */,
				451E81E3EAD900BDAC87D07F /* Typography.swift in Sources */,
				56CD656B2A5D2018A20D0348 /* UpdateBanner.swift in Sources */,
				2FF01334012B0072C075A87C /* UpdateChecker.swift in Sources */,
				43662A8563185AC7391CBCCB /* Updater.swift in Sources */,
			);
			runOnlyForDeploymentPostprocessing = 0;
		};
/* End PBXSourcesBuildPhase section */

/* Begin XCBuildConfiguration section */
		14830977F5B9641864F6BF70 /* Release */ = {
			isa = XCBuildConfiguration;
			buildSettings = {
				ASSETCATALOG_COMPILER_APPICON_NAME = AppIcon;
				CODE_SIGN_ENTITLEMENTS = DoubleBubble/DoubleBubble.entitlements;
				CODE_SIGN_IDENTITY = "-";
				CODE_SIGN_STYLE = Automatic;
				COMBINE_HIDPI_IMAGES = YES;
				DEVELOPMENT_TEAM = "";
				INFOPLIST_FILE = DoubleBubble/Info.plist;
				LD_RUNPATH_SEARCH_PATHS = (
					"$(inherited)",
					"@executable_path/../Frameworks",
				);
				PRODUCT_BUNDLE_IDENTIFIER = com.doublebubble.app;
				SDKROOT = macosx;
			};
			name = Release;
		};
		68DBFB26410194FC50B9A2F3 /* Debug */ = {
			isa = XCBuildConfiguration;
			buildSettings = {
				ASSETCATALOG_COMPILER_APPICON_NAME = AppIcon;
				CODE_SIGN_ENTITLEMENTS = DoubleBubble/DoubleBubble.entitlements;
				CODE_SIGN_IDENTITY = "-";
				CODE_SIGN_STYLE = Automatic;
				COMBINE_HIDPI_IMAGES = YES;
				DEVELOPMENT_TEAM = "";
				INFOPLIST_FILE = DoubleBubble/Info.plist;
				LD_RUNPATH_SEARCH_PATHS = (
					"$(inherited)",
					"@executable_path/../Frameworks",
				);
				PRODUCT_BUNDLE_IDENTIFIER = com.doublebubble.app;
				SDKROOT = macosx;
			};
			name = Debug;
		};
		94092B1FB20FC4E93AF6A3B3 /* Debug */ = {
			isa = XCBuildConfiguration;
			buildSettings = {
				ALWAYS_SEARCH_USER_PATHS = NO;
				CLANG_ANALYZER_NONNULL = YES;
				CLANG_ANALYZER_NUMBER_OBJECT_CONVERSION = YES_AGGRESSIVE;
				CLANG_CXX_LANGUAGE_STANDARD = "gnu++14";
				CLANG_CXX_LIBRARY = "libc++";
				CLANG_ENABLE_MODULES = YES;
				CLANG_ENABLE_OBJC_ARC = YES;
				CLANG_ENABLE_OBJC_WEAK = YES;
				CLANG_WARN_BLOCK_CAPTURE_AUTORELEASING = YES;
				CLANG_WARN_BOOL_CONVERSION = YES;
				CLANG_WARN_COMMA = YES;
				CLANG_WARN_CONSTANT_CONVERSION = YES;
				CLANG_WARN_DEPRECATED_OBJC_IMPLEMENTATIONS = YES;
				CLANG_WARN_DIRECT_OBJC_ISA_USAGE = YES_ERROR;
				CLANG_WARN_DOCUMENTATION_COMMENTS = YES;
				CLANG_WARN_EMPTY_BODY = YES;
				CLANG_WARN_ENUM_CONVERSION = YES;
				CLANG_WARN_INFINITE_RECURSION = YES;
				CLANG_WARN_INT_CONVERSION = YES;
				CLANG_WARN_NON_LITERAL_NULL_CONVERSION = YES;
				CLANG_WARN_OBJC_IMPLICIT_RETAIN_SELF = YES;
				CLANG_WARN_OBJC_LITERAL_CONVERSION = YES;
				CLANG_WARN_OBJC_ROOT_CLASS = YES_ERROR;
				CLANG_WARN_QUOTED_INCLUDE_IN_FRAMEWORK_HEADER = YES;
				CLANG_WARN_RANGE_LOOP_ANALYSIS = YES;
				CLANG_WARN_STRICT_PROTOTYPES = YES;
				CLANG_WARN_SUSPICIOUS_MOVE = YES;
				CLANG_WARN_UNGUARDED_AVAILABILITY = YES_AGGRESSIVE;
				CLANG_WARN_UNREACHABLE_CODE = YES;
				CLANG_WARN__DUPLICATE_METHOD_MATCH = YES;
				COPY_PHASE_STRIP = NO;
				CURRENT_PROJECT_VERSION = 9;
				DEBUG_INFORMATION_FORMAT = dwarf;
				ENABLE_STRICT_OBJC_MSGSEND = YES;
				ENABLE_TESTABILITY = YES;
				GCC_C_LANGUAGE_STANDARD = gnu11;
				GCC_DYNAMIC_NO_PIC = NO;
				GCC_NO_COMMON_BLOCKS = YES;
				GCC_OPTIMIZATION_LEVEL = 0;
				GCC_PREPROCESSOR_DEFINITIONS = (
					"$(inherited)",
					"DEBUG=1",
				);
				GCC_WARN_64_TO_32_BIT_CONVERSION = YES;
				GCC_WARN_ABOUT_RETURN_TYPE = YES_ERROR;
				GCC_WARN_UNDECLARED_SELECTOR = YES;
				GCC_WARN_UNINITIALIZED_AUTOS = YES_AGGRESSIVE;
				GCC_WARN_UNUSED_FUNCTION = YES;
				GCC_WARN_UNUSED_VARIABLE = YES;
				MACOSX_DEPLOYMENT_TARGET = 14.0;
				MARKETING_VERSION = 2.0.5;
				MTL_ENABLE_DEBUG_INFO = INCLUDE_SOURCE;
				MTL_FAST_MATH = YES;
				ONLY_ACTIVE_ARCH = YES;
				PRODUCT_NAME = "Double Bubble";
				SDKROOT = macosx;
				SWIFT_ACTIVE_COMPILATION_CONDITIONS = DEBUG;
				SWIFT_OPTIMIZATION_LEVEL = "-Onone";
				SWIFT_VERSION = 5.10;
			};
			name = Debug;
		};
		B071D3E265F96AEC3E2154C5 /* Release */ = {
			isa = XCBuildConfiguration;
			buildSettings = {
				ALWAYS_SEARCH_USER_PATHS = NO;
				CLANG_ANALYZER_NONNULL = YES;
				CLANG_ANALYZER_NUMBER_OBJECT_CONVERSION = YES_AGGRESSIVE;
				CLANG_CXX_LANGUAGE_STANDARD = "gnu++14";
				CLANG_CXX_LIBRARY = "libc++";
				CLANG_ENABLE_MODULES = YES;
				CLANG_ENABLE_OBJC_ARC = YES;
				CLANG_ENABLE_OBJC_WEAK = YES;
				CLANG_WARN_BLOCK_CAPTURE_AUTORELEASING = YES;
				CLANG_WARN_BOOL_CONVERSION = YES;
				CLANG_WARN_COMMA = YES;
				CLANG_WARN_CONSTANT_CONVERSION = YES;
				CLANG_WARN_DEPRECATED_OBJC_IMPLEMENTATIONS = YES;
				CLANG_WARN_DIRECT_OBJC_ISA_USAGE = YES_ERROR;
				CLANG_WARN_DOCUMENTATION_COMMENTS = YES;
				CLANG_WARN_EMPTY_BODY = YES;
				CLANG_WARN_ENUM_CONVERSION = YES;
				CLANG_WARN_INFINITE_RECURSION = YES;
				CLANG_WARN_INT_CONVERSION = YES;
				CLANG_WARN_NON_LITERAL_NULL_CONVERSION = YES;
				CLANG_WARN_OBJC_IMPLICIT_RETAIN_SELF = YES;
				CLANG_WARN_OBJC_LITERAL_CONVERSION = YES;
				CLANG_WARN_OBJC_ROOT_CLASS = YES_ERROR;
				CLANG_WARN_QUOTED_INCLUDE_IN_FRAMEWORK_HEADER = YES;
				CLANG_WARN_RANGE_LOOP_ANALYSIS = YES;
				CLANG_WARN_STRICT_PROTOTYPES = YES;
				CLANG_WARN_SUSPICIOUS_MOVE = YES;
				CLANG_WARN_UNGUARDED_AVAILABILITY = YES_AGGRESSIVE;
				CLANG_WARN_UNREACHABLE_CODE = YES;
				CLANG_WARN__DUPLICATE_METHOD_MATCH = YES;
				COPY_PHASE_STRIP = NO;
				CURRENT_PROJECT_VERSION = 9;
				DEBUG_INFORMATION_FORMAT = "dwarf-with-dsym";
				ENABLE_NS_ASSERTIONS = NO;
				ENABLE_STRICT_OBJC_MSGSEND = YES;
				GCC_C_LANGUAGE_STANDARD = gnu11;
				GCC_NO_COMMON_BLOCKS = YES;
				GCC_WARN_64_TO_32_BIT_CONVERSION = YES;
				GCC_WARN_ABOUT_RETURN_TYPE = YES_ERROR;
				GCC_WARN_UNDECLARED_SELECTOR = YES;
				GCC_WARN_UNINITIALIZED_AUTOS = YES_AGGRESSIVE;
				GCC_WARN_UNUSED_FUNCTION = YES;
				GCC_WARN_UNUSED_VARIABLE = YES;
				MACOSX_DEPLOYMENT_TARGET = 14.0;
				MARKETING_VERSION = 2.0.5;
				MTL_ENABLE_DEBUG_INFO = NO;
				MTL_FAST_MATH = YES;
				PRODUCT_NAME = "Double Bubble";
				SDKROOT = macosx;
				SWIFT_COMPILATION_MODE = wholemodule;
				SWIFT_OPTIMIZATION_LEVEL = "-O";
				SWIFT_VERSION = 5.10;
			};
			name = Release;
		};
/* End XCBuildConfiguration section */

/* Begin XCConfigurationList section */
		D920B44042EB030F208BBAA9 /* Build configuration list for PBXProject "DoubleBubble" */ = {
			isa = XCConfigurationList;
			buildConfigurations = (
				94092B1FB20FC4E93AF6A3B3 /* Debug */,
				B071D3E265F96AEC3E2154C5 /* Release */,
			);
			defaultConfigurationIsVisible = 0;
			defaultConfigurationName = Debug;
		};
		DDAACC375BB036155FB98FA9 /* Build configuration list for PBXNativeTarget "DoubleBubble" */ = {
			isa = XCConfigurationList;
			buildConfigurations = (
				68DBFB26410194FC50B9A2F3 /* Debug */,
				14830977F5B9641864F6BF70 /* Release */,
			);
			defaultConfigurationIsVisible = 0;
			defaultConfigurationName = Debug;
		};
/* End XCConfigurationList section */
	};
	rootObject = 94FC26A26B63EE66E4B9DFD0 /* Project object */;
}
